
Microsoft Visual Studio Solution File, Format Version 12.00
# Visual Studio Version 17
VisualStudioVersion = 17.5.002.0
MinimumVisualStudioVersion = 10.0.40219.1
Project("{2150E333-8FDC-42A3-9474-1A3956D46DE8}") = "sandbox", "sandbox", "{13CFBA95-583D-4C70-B286-EEF335008B92}"
EndProject
Project("{9A19103F-16F7-4668-BE54-9A1E7A4F7556}") = "sandbox_project", "sandbox\sandbox_project\sandbox_project.csproj", "{991E05BA-D73F-43D9-81D4-51EA938C10B1}"
EndProject
Project("{2150E333-8FDC-42A3-9474-1A3956D46DE8}") = "week01", "week01", "{02714462-2ECD-44FE-8EF7-30E550E69D5A}"
EndProject
Project("{9A19103F-16F7-4668-BE54-9A1E7A4F7556}") = "analyze", "week01\analyze\analyze.csproj", "{6E3C7913-5E80-4354-99AA-82D1D1C376EB}"
EndProject
Project("{9A19103F-16F7-4668-BE54-9A1E7A4F7556}") = "code", "week01\code\code.csproj", "{439D872F-66AD-42DF-808F-D3B04A433FA9}"
EndProject
Project("{9A19103F-16F7-4668-BE54-9A1E7A4F7556}") = "teach", "week01\teach\teach.csproj", "{39F52DF0-6BD1-487D-B5F1-8DA8FE98E139}"
EndProject
Project("{2150E333-8FDC-42A3-9474-1A3956D46DE8}") = "week02", "week02", "{89CF90CD-D953-4E76-B206-273E9B5ED34A}"
EndProject
Project("{9A19103F-16F7-4668-BE54-9A1E7A4F7556}") = "analyze", "week02\analyze\analyze.csproj", "{CFF3EFDE-ECCF-4715-A848-4C568A1D550A}"
EndProject
Project("{9A19103F-16F7-4668-BE54-9A1E7A4F7556}") = "code", "week02\code\code.csproj", "{A5CEC7BE-1C9C-4C62-A9CD-1084C219E49A}"
EndProject
Project("{9A19103F-16F7-4668-BE54-9A1E7A4F7556}") = "learn", "week02\learn\learn.csproj", "{3959138A-B575-4020-841C-BC115E986075}"
EndProject
Project("{9A19103F-16F7-4668-BE54-9A1E7A4F7556}") = "teach", "week02\teach\teach.csproj", "{0E3B65F0-907B-4B8F-8C78-26E266A8C199}"
EndProject
Project("{2150E333-8FDC-42A3-9474-1A3956D46DE8}") = "week03", "week03", "{CDDFD263-1EE4-4C63-9268-64D3E8B90065}"
EndProject
Project("{9A19103F-16F7-4668-BE54-9A1E7A4F7556}") = "code", "week03\code\code.csproj", "{1E3859F8-D28A-4E09-A623-3EBD8CAD9592}"
EndProject
Project("{9A19103F-16F7-4668-BE54-9A1E7A4F7556}") = "learn", "week03\learn\learn.csproj", "{E0FDD202-C9A7-49B5-B566-5B35A2E9DCAC}"
EndProject
Project("{9A19103F-16F7-4668-BE54-9A1E7A4F7556}") = "teach", "week03\teach\teach.csproj", "{2B254735-468B-4644-9582-361FB6E5467C}"
EndProject
Project("{2150E333-8FDC-42A3-9474-1A3956D46DE8}") = "week04", "week04", "{BDB5DD4B-7C16-426E-BDC4-DA7BD3A2CCC6}"
EndProject
Project("{9A19103F-16F7-4668-BE54-9A1E7A4F7556}") = "code", "week04\code\code.csproj", "{C9E9B657-684A-4DF1-8F0C-2ECCC557D55F}"
EndProject
Project("{2150E333-8FDC-42A3-9474-1A3956D46DE8}") = "week05", "week05", "{C30F3513-6957-4239-8E5C-F97C87F49B5A}"
EndProject
Project("{9A19103F-16F7-4668-BE54-9A1E7A4F7556}") = "code", "week05\code\code.csproj", "{50A12CD1-9213-4868-8F2C-4527D548B0EE}"
EndProject
Project("{2150E333-8FDC-42A3-9474-1A3956D46DE8}") = "week06", "week06", "{D9C4D8A8-9886-40E6-A512-FD45C7D239AD}"
EndProject
Project("{9A19103F-16F7-4668-BE54-9A1E7A4F7556}") = "code", "week06\code\code.csproj", "{2BE4353A-D7FC-4F64-84A9-6E080FC86E6D}"
EndProject
Global
	GlobalSection(SolutionConfigurationPlatforms) = preSolution
		Debug|Any CPU = Debug|Any CPU
		Release|Any CPU = Release|Any CPU
	EndGlobalSection
	GlobalSection(ProjectConfigurationPlatforms) = postSolution
		{991E05BA-D73F-43D9-81D4-51EA938C10B1}.Debug|Any CPU.ActiveCfg = Debug|Any CPU
		{991E05BA-D73F-43D9-81D4-51EA938C10B1}.Debug|Any CPU.Build.0 = Debug|Any CPU
		{991E05BA-D73F-43D9-81D4-51EA938C10B1}.Release|Any CPU.ActiveCfg = Release|Any CPU
		{991E05BA-D73F-43D9-81D4-51EA938C10B1}.Release|Any CPU.Build.0 = Release|Any CPU
		{6E3C7913-5E80-4354-99AA-82D1D1C376EB}.Debug|Any CPU.ActiveCfg = Debug|Any CPU
		{6E3C7913-5E80-4354-99AA-82D1D1C376EB}.Debug|Any CPU.Build.0 = Debug|Any CPU
		{6E3C7913-5E80-4354-99AA-82D1D1C376EB}.Release|Any CPU.ActiveCfg = Release|Any CPU
		{6E3C7913-5E80-4354-99AA-82D1D1C376EB}.Release|Any CPU.Build.0 = Release|Any CPU
		{439D872F-66AD-42DF-808F-D3B04A433FA9}.Debug|Any CPU.ActiveCfg = Debug|Any CPU
		{439D872F-66AD-42DF-808F-D3B04A433FA9}.Debug|Any CPU.Build.0 = Debug|Any CPU
		{439D872F-66AD-42DF-808F-D3B04A433FA9}.Release|Any CPU.ActiveCfg = Release|Any CPU
		{439D872F-66AD-42DF-808F-D3B04A433FA9}.Release|Any CPU.Build.0 = Release|Any CPU
		{39F52DF0-6BD1-487D-B5F1-8DA8FE98E139}.Debug|Any CPU.ActiveCfg = Debug|Any CPU
		{39F52DF0-6BD1-487D-B5F1-8DA8FE98E139}.Debug|Any CPU.Build.0 = Debug|Any CPU
		{39F52DF0-6BD1-487D-B5F1-8DA8FE98E139}.Release|Any CPU.ActiveCfg = Release|Any CPU
		{39F52DF0-6BD1-487D-B5F1-8DA8FE98E139}.Release|Any CPU.Build.0 = Release|Any CPU
		{CFF3EFDE-ECCF-4715-A848-4C568A1D550A}.Debug|Any CPU.ActiveCfg = Debug|Any CPU
		{CFF3EFDE-ECCF-4715-A848-4C568A1D550A}.Debug|Any CPU.Build.0 = Debug|Any CPU
		{CFF3EFDE-ECCF-4715-A848-4C568A1D550A}.Release|Any CPU.ActiveCfg = Release|Any CPU
		{CFF3EFDE-ECCF-4715-A848-4C568A1D550A}.Release|Any CPU.Build.0 = Release|Any CPU
		{A5CEC7BE-1C9C-4C62-A9CD-1084C219E49A}.Debug|Any CPU.ActiveCfg = Debug|Any CPU
		{A5CEC7BE-1C9C-4C62-A9CD-1084C219E49A}.Debug|Any CPU.Build.0 = Debug|Any CPU
		{A5CEC7BE-1C9C-4C62-A9CD-1084C219E49A}.Release|Any CPU.ActiveCfg = Release|Any CPU
		{A5CEC7BE-1C9C-4C62-A9CD-1084C219E49A}.Release|Any CPU.Build.0 = Release|Any CPU
		{3959138A-B575-4020-841C-BC115E986075}.Debug|Any CPU.ActiveCfg = Debug|Any CPU
		{3959138A-B575-4020-841C-BC115E986075}.Debug|Any CPU.Build.0 = Debug|Any CPU
		{3959138A-B575-4020-841C-BC115E986075}.Release|Any CPU.ActiveCfg = Release|Any CPU
		{3959138A-B575-4020-841C-BC115E986075}.Release|Any CPU.Build.0 = Release|Any CPU
		{0E3B65F0-907B-4B8F-8C78-26E266A8C199}.Debug|Any CPU.ActiveCfg = Debug|Any CPU
		{0E3B65F0-907B-4B8F-8C78-26E266A8C199}.Debug|Any CPU.Build.0 = Debug|Any CPU
		{0E3B65F0-907B-4B8F-8C78-26E266A8C199}.Release|Any CPU.ActiveCfg = Release|Any CPU
		{0E3B65F0-907B-4B8F-8C78-26E266A8C199}.Release|Any CPU.Build.0 = Release|Any CPU
		{1E3859F8-D28A-4E09-A623-3EBD8CAD9592}.Debug|Any CPU.ActiveCfg = Debug|Any CPU
		{1E3859F8-D28A-4E09-A623-3EBD8CAD9592}.Debug|Any CPU.Build.0 = Debug|Any CPU
		{1E3859F8-D28A-4E09-A623-3EBD8CAD9592}.Release|Any CPU.ActiveCfg = Release|Any CPU
		{1E3859F8-D28A-4E09-A623-3EBD8CAD9592}.Release|Any CPU.Build.0 = Release|Any CPU
		{E0FDD202-C9A7-49B5-B566-5B35A2E9DCAC}.Debug|Any CPU.ActiveCfg = Debug|Any CPU
		{E0FDD202-C9A7-49B5-B566-5B35A2E9DCAC}.Debug|Any CPU.Build.0 = Debug|Any CPU
		{E0FDD202-C9A7-49B5-B566-5B35A2E9DCAC}.Release|Any CPU.ActiveCfg = Release|Any CPU
		{E0FDD202-C9A7-49B5-B566-5B35A2E9DCAC}.Release|Any CPU.Build.0 = Release|Any CPU
		{2B254735-468B-4644-9582-361FB6E5467C}.Debug|Any CPU.ActiveCfg = Debug|Any CPU
		{2B254735-468B-4644-9582-361FB6E5467C}.Debug|Any CPU.Build.0 = Debug|Any CPU
		{2B254735-468B-4644-9582-361FB6E5467C}.Release|Any CPU.ActiveCfg = Release|Any CPU
		{2B254735-468B-4644-9582-361FB6E5467C}.Release|Any CPU.Build.0 = Release|Any CPU
		{C9E9B657-684A-4DF1-8F0C-2ECCC557D55F}.Debug|Any CPU.ActiveCfg = Debug|Any CPU
		{C9E9B657-684A-4DF1-8F0C-2ECCC557D55F}.Debug|Any CPU.Build.0 = Debug|Any CPU
		{C9E9B657-684A-4DF1-8F0C-2ECCC557D55F}.Release|Any CPU.ActiveCfg = Release|Any CPU
		{C9E9B657-684A-4DF1-8F0C-2ECCC557D55F}.Release|Any CPU.Build.0 = Release|Any CPU
		{50A12CD1-9213-4868-8F2C-4527D548B0EE}.Debug|Any CPU.ActiveCfg = Debug|Any CPU
		{50A12CD1-9213-4868-8F2C-4527D548B0EE}.Debug|Any CPU.Build.0 = Debug|Any CPU
		{50A12CD1-9213-4868-8F2C-4527D548B0EE}.Release|Any CPU.ActiveCfg = Release|Any CPU
		{50A12CD1-9213-4868-8F2C-4527D548B0EE}.Release|Any CPU.Build.0 = Release|Any CPU
		{2BE4353A-D7FC-4F64-84A9-6E080FC86E6D}.Debug|Any CPU.ActiveCfg = Debug|Any CPU
		{2BE4353A-D7FC-4F64-84A9-6E080FC86E6D}.Debug|Any CPU.Build.0 = Debug|Any CPU
		{2BE4353A-D7FC-4F64-84A9-6E080FC86E6D}.Release|Any CPU.ActiveCfg = Release|Any CPU
		{2BE4353A-D7FC-4F64-84A9-6E080FC86E6D}.Release|Any CPU.Build.0 = Release|Any CPU
	EndGlobalSection
	GlobalSection(SolutionProperties) = preSolution
		HideSolutionNode = FALSE
	EndGlobalSection
	GlobalSection(NestedProjects) = preSolution
		{991E05BA-D73F-43D9-81D4-51EA938C10B1} = {13CFBA95-583D-4C70-B286-EEF335008B92}
		{6E3C7913-5E80-4354-99AA-82D1D1C376EB} = {02714462-2ECD-44FE-8EF7-30E550E69D5A}
		{439D872F-66AD-42DF-808F-D3B04A433FA9} = {02714462-2ECD-44FE-8EF7-30E550E69D5A}
		{39F52DF0-6BD1-487D-B5F1-8DA8FE98E139} = {02714462-2ECD-44FE-8EF7-30E550E69D5A}
		{CFF3EFDE-ECCF-4715-A848-4C568A1D550A} = {89CF90CD-D953-4E76-B206-273E9B5ED34A}
		{A5CEC7BE-1C9C-4C62-A9CD-1084C219E49A} = {89CF90CD-D953-4E76-B206-273E9B5ED34A}
		{3959138A-B575-4020-841C-BC115E986075} = {89CF90CD-D953-4E76-B206-273E9B5ED34A}
		{0E3B65F0-907B-4B8F-8C78-26E266A8C199} = {89CF90CD-D953-4E76-B206-273E9B5ED34A}
		{1E3859F8-D28A-4E09-A623-3EBD8CAD9592} = {CDDFD263-1EE4-4C63-9268-64D3E8B90065}
		{E0FDD202-C9A7-49B5-B566-5B35A2E9DCAC} = {CDDFD263-1EE4-4C63-9268-64D3E8B90065}
		{2B254735-468B-4644-9582-361FB6E5467C} = {CDDFD263-1EE4-4C63-9268-64D3E8B90065}
		{C9E9B657-684A-4DF1-8F0C-2ECCC557D55F} = {BDB5DD4B-7C16-426E-BDC4-DA7BD3A2CCC6}
		{50A12CD1-9213-4868-8F2C-4527D548B0EE} = {C30F3513-6957-4239-8E5C-F97C87F49B5A}
		{2BE4353A-D7FC-4F64-84A9-6E080FC86E6D} = {D9C4D8A8-9886-40E6-A512-FD45C7D239AD}
	EndGlobalSection
	GlobalSection(ExtensibilityGlobals) = postSolution
		SolutionGuid = {64A2EA9D-71B7-4825-908E-EF0C142A3352}
	EndGlobalSection
EndGlobal
